// !$*UTF8*$!
{
	archiveVersion = 1;
	classes = {
	};
	objectVersion = 50;
	objects = {

/* Begin PBXBuildFile section */
		2587421F208CC492008F3AF0 /* AppDelegate.swift in Sources */ = {isa = PBXBuildFile; fileRef = 2587421E208CC492008F3AF0 /* AppDelegate.swift */; };
		25874221208CC492008F3AF0 /* ViewController.swift in Sources */ = {isa = PBXBuildFile; fileRef = 25874220208CC492008F3AF0 /* ViewController.swift */; };
		25874224208CC492008F3AF0 /* Main.storyboard in Resources */ = {isa = PBXBuildFile; fileRef = 25874222208CC492008F3AF0 /* Main.storyboard */; };
		25874226208CC494008F3AF0 /* Assets.xcassets in Resources */ = {isa = PBXBuildFile; fileRef = 25874225208CC494008F3AF0 /* Assets.xcassets */; };
		25874229208CC494008F3AF0 /* LaunchScreen.storyboard in Resources */ = {isa = PBXBuildFile; fileRef = 25874227208CC494008F3AF0 /* LaunchScreen.storyboard */; };
		25874234208CC494008F3AF0 /* CoordinatorTestTests.swift in Sources */ = {isa = PBXBuildFile; fileRef = 25874233208CC494008F3AF0 /* CoordinatorTestTests.swift */; };
		2587423F208CC494008F3AF0 /* CoordinatorTestUITests.swift in Sources */ = {isa = PBXBuildFile; fileRef = 2587423E208CC494008F3AF0 /* CoordinatorTestUITests.swift */; };
		2587424D208CC57E008F3AF0 /* Coordinator.swift in Sources */ = {isa = PBXBuildFile; fileRef = 2587424C208CC57E008F3AF0 /* Coordinator.swift */; };
		2587424F208D4DAA008F3AF0 /* Storyboarded.swift in Sources */ = {isa = PBXBuildFile; fileRef = 2587424E208D4DAA008F3AF0 /* Storyboarded.swift */; };
		25874251208D541B008F3AF0 /* MainCoordinator.swift in Sources */ = {isa = PBXBuildFile; fileRef = 25874250208D541B008F3AF0 /* MainCoordinator.swift */; };
		25874253208D5806008F3AF0 /* BuyViewController.swift in Sources */ = {isa = PBXBuildFile; fileRef = 25874252208D5806008F3AF0 /* BuyViewController.swift */; };
		25874255208D5820008F3AF0 /* CreateAccountViewController.swift in Sources */ = {isa = PBXBuildFile; fileRef = 25874254208D5820008F3AF0 /* CreateAccountViewController.swift */; };
/* End PBXBuildFile section */

/* Begin PBXContainerItemProxy section */
		25874230208CC494008F3AF0 /* PBXContainerItemProxy */ = {
			isa = PBXContainerItemProxy;
			containerPortal = 25874213208CC492008F3AF0 /* Project object */;
			proxyType = 1;
			remoteGlobalIDString = 2587421A208CC492008F3AF0;
			remoteInfo = CoordinatorTest;
		};
		2587423B208CC494008F3AF0 /* PBXContainerItemProxy */ = {
			isa = PBXContainerItemProxy;
			containerPortal = 25874213208CC492008F3AF0 /* Project object */;
			proxyType = 1;
			remoteGlobalIDString = 2587421A208CC492008F3AF0;
			remoteInfo = CoordinatorTest;
		};
/* End PBXContainerItemProxy section */

/* Begin PBXFileReference section */
		2587421B208CC492008F3AF0 /* CoordinatorTest.app */ = {isa = PBXFileReference; explicitFileType = wrapper.application; includeInIndex = 0; path = CoordinatorTest.app; sourceTree = BUILT_PRODUCTS_DIR; };
		2587421E208CC492008F3AF0 /* AppDelegate.swift */ = {isa = PBXFileReference; lastKnownFileType = sourcecode.swift; path = AppDelegate.swift; sourceTree = "<group>"; };
		25874220208CC492008F3AF0 /* ViewController.swift */ = {isa = PBXFileReference; lastKnownFileType = sourcecode.swift; path = ViewController.swift; sourceTree = "<group>"; };
		25874223208CC492008F3AF0 /* Base */ = {isa = PBXFileReference; lastKnownFileType = file.storyboard; name = Base; path = Base.lproj/Main.storyboard; sourceTree = "<group>"; };
		25874225208CC494008F3AF0 /* Assets.xcassets */ = {isa = PBXFileReference; lastKnownFileType = folder.assetcatalog; path = Assets.xcassets; sourceTree = "<group>"; };
		25874228208CC494008F3AF0 /* Base */ = {isa = PBXFileReference; lastKnownFileType = file.storyboard; name = Base; path = Base.lproj/LaunchScreen.storyboard; sourceTree = "<group>"; };
		2587422A208CC494008F3AF0 /* Info.plist */ = {isa = PBXFileReference; lastKnownFileType = text.plist.xml; path = Info.plist; sourceTree = "<group>"; };
		2587422F208CC494008F3AF0 /* CoordinatorTestTests.xctest */ = {isa = PBXFileReference; explicitFileType = wrapper.cfbundle; includeInIndex = 0; path = CoordinatorTestTests.xctest; sourceTree = BUILT_PRODUCTS_DIR; };
		25874233208CC494008F3AF0 /* CoordinatorTestTests.swift */ = {isa = PBXFileReference; lastKnownFileType = sourcecode.swift; path = CoordinatorTestTests.swift; sourceTree = "<group>"; };
		25874235208CC494008F3AF0 /* Info.plist */ = {isa = PBXFileReference; lastKnownFileType = text.plist.xml; path = Info.plist; sourceTree = "<group>"; };
		2587423A208CC494008F3AF0 /* CoordinatorTestUITests.xctest */ = {isa = PBXFileReference; explicitFileType = wrapper.cfbundle; includeInIndex = 0; path = CoordinatorTestUITests.xctest; sourceTree = BUILT_PRODUCTS_DIR; };
		2587423E208CC494008F3AF0 /* CoordinatorTestUITests.swift */ = {isa = PBXFileReference; lastKnownFileType = sourcecode.swift; path = CoordinatorTestUITests.swift; sourceTree = "<group>"; };
		25874240208CC494008F3AF0 /* Info.plist */ = {isa = PBXFileReference; lastKnownFileType = text.plist.xml; path = Info.plist; sourceTree = "<group>"; };
		2587424C208CC57E008F3AF0 /* Coordinator.swift */ = {isa = PBXFileReference; lastKnownFileType = sourcecode.swift; path = Coordinator.swift; sourceTree = "<group>"; };
		2587424E208D4DAA008F3AF0 /* Storyboarded.swift */ = {isa = PBXFileReference; lastKnownFileType = sourcecode.swift; path = Storyboarded.swift; sourceTree = "<group>"; };
		25874250208D541B008F3AF0 /* MainCoordinator.swift */ = {isa = PBXFileReference; lastKnownFileType = sourcecode.swift; path = MainCoordinator.swift; sourceTree = "<group>"; };
		25874252208D5806008F3AF0 /* BuyViewController.swift */ = {isa = PBXFileReference; lastKnownFileType = sourcecode.swift; path = BuyViewController.swift; sourceTree = "<group>"; };
		25874254208D5820008F3AF0 /* CreateAccountViewController.swift */ = {isa = PBXFileReference; lastKnownFileType = sourcecode.swift; path = CreateAccountViewController.swift; sourceTree = "<group>"; };
/* End PBXFileReference section */

/* Begin PBXFrameworksBuildPhase section */
		25874218208CC492008F3AF0 /* Frameworks */ = {
			isa = PBXFrameworksBuildPhase;
			buildActionMask = 2147483647;
			files = (
			);
			runOnlyForDeploymentPostprocessing = 0;
		};
		2587422C208CC494008F3AF0 /* Frameworks */ = {
			isa = PBXFrameworksBuildPhase;
			buildActionMask = 2147483647;
			files = (
			);
			runOnlyForDeploymentPostprocessing = 0;
		};
		25874237208CC494008F3AF0 /* Frameworks */ = {
			isa = PBXFrameworksBuildPhase;
			buildActionMask = 2147483647;
			files = (
			);
			runOnlyForDeploymentPostprocessing = 0;
		};
/* End PBXFrameworksBuildPhase section */

/* Begin PBXGroup section */
		25874212208CC492008F3AF0 = {
			isa = PBXGroup;
			children = (
				2587421D208CC492008F3AF0 /* CoordinatorTest */,
				25874232208CC494008F3AF0 /* CoordinatorTestTests */,
				2587423D208CC494008F3AF0 /* CoordinatorTestUITests */,
				2587421C208CC492008F3AF0 /* Products */,
			);
			sourceTree = "<group>";
		};
		2587421C208CC492008F3AF0 /* Products */ = {
			isa = PBXGroup;
			children = (
				2587421B208CC492008F3AF0 /* CoordinatorTest.app */,
				2587422F208CC494008F3AF0 /* CoordinatorTestTests.xctest */,
				2587423A208CC494008F3AF0 /* CoordinatorTestUITests.xctest */,
			);
			name = Products;
			sourceTree = "<group>";
		};
		2587421D208CC492008F3AF0 /* CoordinatorTest */ = {
			isa = PBXGroup;
			children = (
				2587421E208CC492008F3AF0 /* AppDelegate.swift */,
				25874220208CC492008F3AF0 /* ViewController.swift */,
				25874250208D541B008F3AF0 /* MainCoordinator.swift */,
				25874252208D5806008F3AF0 /* BuyViewController.swift */,
				25874254208D5820008F3AF0 /* CreateAccountViewController.swift */,
				2587424C208CC57E008F3AF0 /* Coordinator.swift */,
				2587424E208D4DAA008F3AF0 /* Storyboarded.swift */,
				25874222208CC492008F3AF0 /* Main.storyboard */,
				25874225208CC494008F3AF0 /* Assets.xcassets */,
				25874227208CC494008F3AF0 /* LaunchScreen.storyboard */,
				2587422A208CC494008F3AF0 /* Info.plist */,
			);
			path = CoordinatorTest;
			sourceTree = "<group>";
		};
		25874232208CC494008F3AF0 /* CoordinatorTestTests */ = {
			isa = PBXGroup;
			children = (
				25874233208CC494008F3AF0 /* CoordinatorTestTests.swift */,
				25874235208CC494008F3AF0 /* Info.plist */,
			);
			path = CoordinatorTestTests;
			sourceTree = "<group>";
		};
		2587423D208CC494008F3AF0 /* CoordinatorTestUITests */ = {
			isa = PBXGroup;
			children = (
				2587423E208CC494008F3AF0 /* CoordinatorTestUITests.swift */,
				25874240208CC494008F3AF0 /* Info.plist */,
			);
			path = CoordinatorTestUITests;
			sourceTree = "<group>";
		};
/* End PBXGroup section */

/* Begin PBXNativeTarget section */
		2587421A208CC492008F3AF0 /* CoordinatorTest */ = {
			isa = PBXNativeTarget;
			buildConfigurationList = 25874243208CC494008F3AF0 /* Build configuration list for PBXNativeTarget "CoordinatorTest" */;
			buildPhases = (
				25874217208CC492008F3AF0 /* Sources */,
				25874218208CC492008F3AF0 /* Frameworks */,
				25874219208CC492008F3AF0 /* Resources */,
			);
			buildRules = (
			);
			dependencies = (
			);
			name = CoordinatorTest;
			productName = CoordinatorTest;
			productReference = 2587421B208CC492008F3AF0 /* CoordinatorTest.app */;
			productType = "com.apple.product-type.application";
		};
		2587422E208CC494008F3AF0 /* CoordinatorTestTests */ = {
			isa = PBXNativeTarget;
			buildConfigurationList = 25874246208CC494008F3AF0 /* Build configuration list for PBXNativeTarget "CoordinatorTestTests" */;
			buildPhases = (
				2587422B208CC494008F3AF0 /* Sources */,
				2587422C208CC494008F3AF0 /* Frameworks */,
				2587422D208CC494008F3AF0 /* Resources */,
			);
			buildRules = (
			);
			dependencies = (
				25874231208CC494008F3AF0 /* PBXTargetDependency */,
			);
			name = CoordinatorTestTests;
			productName = CoordinatorTestTests;
			productReference = 2587422F208CC494008F3AF0 /* CoordinatorTestTests.xctest */;
			productType = "com.apple.product-type.bundle.unit-test";
		};
		25874239208CC494008F3AF0 /* CoordinatorTestUITests */ = {
			isa = PBXNativeTarget;
			buildConfigurationList = 25874249208CC494008F3AF0 /* Build configuration list for PBXNativeTarget "CoordinatorTestUITests" */;
			buildPhases = (
				25874236208CC494008F3AF0 /* Sources */,
				25874237208CC494008F3AF0 /* Frameworks */,
				25874238208CC494008F3AF0 /* Resources */,
			);
			buildRules = (
			);
			dependencies = (
				2587423C208CC494008F3AF0 /* PBXTargetDependency */,
			);
			name = CoordinatorTestUITests;
			productName = CoordinatorTestUITests;
			productReference = 2587423A208CC494008F3AF0 /* CoordinatorTestUITests.xctest */;
			productType = "com.apple.product-type.bundle.ui-testing";
		};
/* End PBXNativeTarget section */

/* Begin PBXProject section */
		25874213208CC492008F3AF0 /* Project object */ = {
			isa = PBXProject;
			attributes = {
				LastSwiftUpdateCheck = 0930;
				LastUpgradeCheck = 0930;
				ORGANIZATIONNAME = "KaiYun Chiang";
				TargetAttributes = {
					2587421A208CC492008F3AF0 = {
						CreatedOnToolsVersion = 9.3;
					};
					2587422E208CC494008F3AF0 = {
						CreatedOnToolsVersion = 9.3;
						TestTargetID = 2587421A208CC492008F3AF0;
					};
					25874239208CC494008F3AF0 = {
						CreatedOnToolsVersion = 9.3;
						TestTargetID = 2587421A208CC492008F3AF0;
					};
				};
			};
			buildConfigurationList = 25874216208CC492008F3AF0 /* Build configuration list for PBXProject "CoordinatorTest" */;
			compatibilityVersion = "Xcode 9.3";
			developmentRegion = en;
			hasScannedForEncodings = 0;
			knownRegions = (
				en,
				Base,
			);
			mainGroup = 25874212208CC492008F3AF0;
			productRefGroup = 2587421C208CC492008F3AF0 /* Products */;
			projectDirPath = "";
			projectRoot = "";
			targets = (
				2587421A208CC492008F3AF0 /* CoordinatorTest */,
				2587422E208CC494008F3AF0 /* CoordinatorTestTests */,
				25874239208CC494008F3AF0 /* CoordinatorTestUITests */,
			);
		};
/* End PBXProject section */

/* Begin PBXResourcesBuildPhase section */
		25874219208CC492008F3AF0 /* Resources */ = {
			isa = PBXResourcesBuildPhase;
			buildActionMask = 2147483647;
			files = (
				25874229208CC494008F3AF0 /* LaunchScreen.storyboard in Resources */,
				25874226208CC494008F3AF0 /* Assets.xcassets in Resources */,
				25874224208CC492008F3AF0 /* Main.storyboard in Resources */,
			);
			runOnlyForDeploymentPostprocessing = 0;
		};
		2587422D208CC494008F3AF0 /* Resources */ = {
			isa = PBXResourcesBuildPhase;
			buildActionMask = 2147483647;
			files = (
			);
			runOnlyForDeploymentPostprocessing = 0;
		};
		25874238208CC494008F3AF0 /* Resources */ = {
			isa = PBXResourcesBuildPhase;
			buildActionMask = 2147483647;
			files = (
			);
			runOnlyForDeploymentPostprocessing = 0;
		};
/* End PBXResourcesBuildPhase section */

/* Begin PBXSourcesBuildPhase section */
		25874217208CC492008F3AF0 /* Sources */ = {
			isa = PBXSourcesBuildPhase;
			buildActionMask = 2147483647;
			files = (
				25874255208D5820008F3AF0 /* CreateAccountViewController.swift in Sources */,
				25874221208CC492008F3AF0 /* ViewController.swift in Sources */,
				2587421F208CC492008F3AF0 /* AppDelegate.swift in Sources */,
				2587424D208CC57E008F3AF0 /* Coordinator.swift in Sources */,
				25874251208D541B008F3AF0 /* MainCoordinator.swift in Sources */,
				2587424F208D4DAA008F3AF0 /* Storyboarded.swift in Sources */,
				25874253208D5806008F3AF0 /* BuyViewController.swift in Sources */,
			);
			runOnlyForDeploymentPostprocessing = 0;
		};
		2587422B208CC494008F3AF0 /* Sources */ = {
			isa = PBXSourcesBuildPhase;
			buildActionMask = 2147483647;
			files = (
				25874234208CC494008F3AF0 /* CoordinatorTestTests.swift in Sources */,
			);
			runOnlyForDeploymentPostprocessing = 0;
		};
		25874236208CC494008F3AF0 /* Sources */ = {
			isa = PBXSourcesBuildPhase;
			buildActionMask = 2147483647;
			files = (
				2587423F208CC494008F3AF0 /* CoordinatorTestUITests.swift in Sources */,
			);
			runOnlyForDeploymentPostprocessing = 0;
		};
/* End PBXSourcesBuildPhase section */

/* Begin PBXTargetDependency section */
		25874231208CC494008F3AF0 /* PBXTargetDependency */ = {
			isa = PBXTargetDependency;
			target = 2587421A208CC492008F3AF0 /* CoordinatorTest */;
			targetProxy = 25874230208CC494008F3AF0 /* PBXContainerItemProxy */;
		};
		2587423C208CC494008F3AF0 /* PBXTargetDependency */ = {
			isa = PBXTargetDependency;
			target = 2587421A208CC492008F3AF0 /* CoordinatorTest */;
			targetProxy = 2587423B208CC494008F3AF0 /* PBXContainerItemProxy */;
		};
/* End PBXTargetDependency section */

/* Begin PBXVariantGroup section */
		25874222208CC492008F3AF0 /* Main.storyboard */ = {
			isa = PBXVariantGroup;
			children = (
				25874223208CC492008F3AF0 /* Base */,
			);
			name = Main.storyboard;
			sourceTree = "<group>";
		};
		25874227208CC494008F3AF0 /* LaunchScreen.storyboard */ = {
			isa = PBXVariantGroup;
			children = (
				25874228208CC494008F3AF0 /* Base */,
			);
			name = LaunchScreen.storyboard;
			sourceTree = "<group>";
		};
/* End PBXVariantGroup section */

/* Begin XCBuildConfiguration section */
		25874241208CC494008F3AF0 /* Debug */ = {
			isa = XCBuildConfiguration;
			buildSettings = {
				ALWAYS_SEARCH_USER_PATHS = NO;
				CLANG_ANALYZER_NONNULL = YES;
				CLANG_ANALYZER_NUMBER_OBJECT_CONVERSION = YES_AGGRESSIVE;
				CLANG_CXX_LANGUAGE_STANDARD = "gnu++14";
				CLANG_CXX_LIBRARY = "libc++";
				CLANG_ENABLE_MODULES = YES;
				CLANG_ENABLE_OBJC_ARC = YES;
				CLANG_ENABLE_OBJC_WEAK = YES;
				CLANG_WARN_BLOCK_CAPTURE_AUTORELEASING = YES;
				CLANG_WARN_BOOL_CONVERSION = YES;
				CLANG_WARN_COMMA = YES;
				CLANG_WARN_CONSTANT_CONVERSION = YES;
				CLANG_WARN_DEPRECATED_OBJC_IMPLEMENTATIONS = YES;
				CLANG_WARN_DIRECT_OBJC_ISA_USAGE = YES_ERROR;
				CLANG_WARN_DOCUMENTATION_COMMENTS = YES;
				CLANG_WARN_EMPTY_BODY = YES;
				CLANG_WARN_ENUM_CONVERSION = YES;
				CLANG_WARN_INFINITE_RECURSION = YES;
				CLANG_WARN_INT_CONVERSION = YES;
				CLANG_WARN_NON_LITERAL_NULL_CONVERSION = YES;
				CLANG_WARN_OBJC_IMPLICIT_RETAIN_SELF = YES;
				CLANG_WARN_OBJC_LITERAL_CONVERSION = YES;
				CLANG_WARN_OBJC_ROOT_CLASS = YES_ERROR;
				CLANG_WARN_RANGE_LOOP_ANALYSIS = YES;
				CLANG_WARN_STRICT_PROTOTYPES = YES;
				CLANG_WARN_SUSPICIOUS_MOVE = YES;
				CLANG_WARN_UNGUARDED_AVAILABILITY = YES_AGGRESSIVE;
				CLANG_WARN_UNREACHABLE_CODE = YES;
				CLANG_WARN__DUPLICATE_METHOD_MATCH = YES;
				CODE_SIGN_IDENTITY = "iPhone Developer";
				COPY_PHASE_STRIP = NO;
				DEBUG_INFORMATION_FORMAT = dwarf;
				ENABLE_STRICT_OBJC_MSGSEND = YES;
				ENABLE_TESTABILITY = YES;
				GCC_C_LANGUAGE_STANDARD = gnu11;
				GCC_DYNAMIC_NO_PIC = NO;
				GCC_NO_COMMON_BLOCKS = YES;
				GCC_OPTIMIZATION_LEVEL = 0;
				GCC_PREPROCESSOR_DEFINITIONS = (
					"DEBUG=1",
					"$(inherited)",
				);
				GCC_WARN_64_TO_32_BIT_CONVERSION = YES;
				GCC_WARN_ABOUT_RETURN_TYPE = YES_ERROR;
				GCC_WARN_UNDECLARED_SELECTOR = YES;
				GCC_WARN_UNINITIALIZED_AUTOS = YES_AGGRESSIVE;
				GCC_WARN_UNUSED_FUNCTION = YES;
				GCC_WARN_UNUSED_VARIABLE = YES;
				IPHONEOS_DEPLOYMENT_TARGET = 11.3;
				MTL_ENABLE_DEBUG_INFO = YES;
				ONLY_ACTIVE_ARCH = YES;
				SDKROOT = iphoneos;
				SWIFT_ACTIVE_COMPILATION_CONDITIONS = DEBUG;
				SWIFT_OPTIMIZATION_LEVEL = "-Onone";
			};
			name = Debug;
		};
		25874242208CC494008F3AF0 /* Release */ = {
			isa = XCBuildConfiguration;
			buildSettings = {
				ALWAYS_SEARCH_USER_PATHS = NO;
				CLANG_ANALYZER_NONNULL = YES;
				CLANG_ANALYZER_NUMBER_OBJECT_CONVERSION = YES_AGGRESSIVE;
				CLANG_CXX_LANGUAGE_STANDARD = "gnu++14";
				CLANG_CXX_LIBRARY = "libc++";
				CLANG_ENABLE_MODULES = YES;
				CLANG_ENABLE_OBJC_ARC = YES;
				CLANG_ENABLE_OBJC_WEAK = YES;
				CLANG_WARN_BLOCK_CAPTURE_AUTORELEASING = YES;
				CLANG_WARN_BOOL_CONVERSION = YES;
				CLANG_WARN_COMMA = YES;
				CLANG_WARN_CONSTANT_CONVERSION = YES;
				CLANG_WARN_DEPRECATED_OBJC_IMPLEMENTATIONS = YES;
				CLANG_WARN_DIRECT_OBJC_ISA_USAGE = YES_ERROR;
				CLANG_WARN_DOCUMENTATION_COMMENTS = YES;
				CLANG_WARN_EMPTY_BODY = YES;
				CLANG_WARN_ENUM_CONVERSION = YES;
				CLANG_WARN_INFINITE_RECURSION = YES;
				CLANG_WARN_INT_CONVERSION = YES;
				CLANG_WARN_NON_LITERAL_NULL_CONVERSION = YES;
				CLANG_WARN_OBJC_IMPLICIT_RETAIN_SELF = YES;
				CLANG_WARN_OBJC_LITERAL_CONVERSION = YES;
				CLANG_WARN_OBJC_ROOT_CLASS = YES_ERROR;
				CLANG_WARN_RANGE_LOOP_ANALYSIS = YES;
				CLANG_WARN_STRICT_PROTOTYPES = YES;
				CLANG_WARN_SUSPICIOUS_MOVE = YES;
				CLANG_WARN_UNGUARDED_AVAILABILITY = YES_AGGRESSIVE;
				CLANG_WARN_UNREACHABLE_CODE = YES;
				CLANG_WARN__DUPLICATE_METHOD_MATCH = YES;
				CODE_SIGN_IDENTITY = "iPhone Developer";
				COPY_PHASE_STRIP = NO;
				DEBUG_INFORMATION_FORMAT = "dwarf-with-dsym";
				ENABLE_NS_ASSERTIONS = NO;
				ENABLE_STRICT_OBJC_MSGSEND = YES;
				GCC_C_LANGUAGE_STANDARD = gnu11;
				GCC_NO_COMMON_BLOCKS = YES;
				GCC_WARN_64_TO_32_BIT_CONVERSION = YES;
				GCC_WARN_ABOUT_RETURN_TYPE = YES_ERROR;
				GCC_WARN_UNDECLARED_SELECTOR = YES;
				GCC_WARN_UNINITIALIZED_AUTOS = YES_AGGRESSIVE;
				GCC_WARN_UNUSED_FUNCTION = YES;
				GCC_WARN_UNUSED_VARIABLE = YES;
				IPHONEOS_DEPLOYMENT_TARGET = 11.3;
				MTL_ENABLE_DEBUG_INFO = NO;
				SDKROOT = iphoneos;
				SWIFT_COMPILATION_MODE = wholemodule;
				SWIFT_OPTIMIZATION_LEVEL = "-O";
				VALIDATE_PRODUCT = YES;
			};
			name = Release;
		};
		25874244208CC494008F3AF0 /* Debug */ = {
			isa = XCBuildConfiguration;
			buildSettings = {
				ASSETCATALOG_COMPILER_APPICON_NAME = AppIcon;
				CODE_SIGN_STYLE = Automatic;
				INFOPLIST_FILE = CoordinatorTest/Info.plist;
				LD_RUNPATH_SEARCH_PATHS = (
					"$(inherited)",
					"@executable_path/Frameworks",
				);
				PRODUCT_BUNDLE_IDENTIFIER = com.KaiYunChiang.CoordinatorTest;
				PRODUCT_NAME = "$(TARGET_NAME)";
				SWIFT_VERSION = 4.0;
				TARGETED_DEVICE_FAMILY = "1,2";
			};
			name = Debug;
		};
		25874245208CC494008F3AF0 /* Release */ = {
			isa = XCBuildConfiguration;
			buildSettings = {
				ASSETCATALOG_COMPILER_APPICON_NAME = AppIcon;
				CODE_SIGN_STYLE = Automatic;
				INFOPLIST_FILE = CoordinatorTest/Info.plist;
				LD_RUNPATH_SEARCH_PATHS = (
					"$(inherited)",
					"@executable_path/Frameworks",
				);
				PRODUCT_BUNDLE_IDENTIFIER = com.KaiYunChiang.CoordinatorTest;
				PRODUCT_NAME = "$(TARGET_NAME)";
				SWIFT_VERSION = 4.0;
				TARGETED_DEVICE_FAMILY = "1,2";
			};
			name = Release;
		};
		25874247208CC494008F3AF0 /* Debug */ = {
			isa = XCBuildConfiguration;
			buildSettings = {
				ALWAYS_EMBED_SWIFT_STANDARD_LIBRARIES = YES;
				BUNDLE_LOADER = "$(TEST_HOST)";
				CODE_SIGN_STYLE = Automatic;
				INFOPLIST_FILE = CoordinatorTestTests/Info.plist;
				LD_RUNPATH_SEARCH_PATHS = (
					"$(inherited)",
					"@executable_path/Frameworks",
					"@loader_path/Frameworks",
				);
				PRODUCT_BUNDLE_IDENTIFIER = com.KaiYunChiang.CoordinatorTestTests;
				PRODUCT_NAME = "$(TARGET_NAME)";
				SWIFT_VERSION = 4.0;
				TARGETED_DEVICE_FAMILY = "1,2";
				TEST_HOST = "$(BUILT_PRODUCTS_DIR)/CoordinatorTest.app/CoordinatorTest";
			};
			name = Debug;
		};
		25874248208CC494008F3AF0 /* Release */ = {
			isa = XCBuildConfiguration;
			buildSettings = {
				ALWAYS_EMBED_SWIFT_STANDARD_LIBRARIES = YES;
				BUNDLE_LOADER = "$(TEST_HOST)";
				CODE_SIGN_STYLE = Automatic;
				INFOPLIST_FILE = CoordinatorTestTests/Info.plist;
				LD_RUNPATH_SEARCH_PATHS = (
					"$(inherited)",
					"@executable_path/Frameworks",
					"@loader_path/Frameworks",
				);
				PRODUCT_BUNDLE_IDENTIFIER = com.KaiYunChiang.CoordinatorTestTests;
				PRODUCT_NAME = "$(TARGET_NAME)";
				SWIFT_VERSION = 4.0;
				TARGETED_DEVICE_FAMILY = "1,2";
				TEST_HOST = "$(BUILT_PRODUCTS_DIR)/CoordinatorTest.app/CoordinatorTest";
			};
			name = Release;
		};
		2587424A208CC494008F3AF0 /* Debug */ = {
			isa = XCBuildConfiguration;
			buildSettings = {
				ALWAYS_EMBED_SWIFT_STANDARD_LIBRARIES = YES;
				CODE_SIGN_STYLE = Automatic;
				INFOPLIST_FILE = CoordinatorTestUITests/Info.plist;
				LD_RUNPATH_SEARCH_PATHS = (
					"$(inherited)",
					"@executable_path/Frameworks",
					"@loader_path/Frameworks",
				);
				PRODUCT_BUNDLE_IDENTIFIER = com.KaiYunChiang.CoordinatorTestUITests;
				PRODUCT_NAME = "$(TARGET_NAME)";
				SWIFT_VERSION = 4.0;
				TARGETED_DEVICE_FAMILY = "1,2";
				TEST_TARGET_NAME = CoordinatorTest;
			};
			name = Debug;
		};
		2587424B208CC494008F3AF0 /* Release */ = {
			isa = XCBuildConfiguration;
			buildSettings = {
				ALWAYS_EMBED_SWIFT_STANDARD_LIBRARIES = YES;
				CODE_SIGN_STYLE = Automatic;
				INFOPLIST_FILE = CoordinatorTestUITests/Info.plist;
				LD_RUNPATH_SEARCH_PATHS = (
					"$(inherited)",
					"@executable_path/Frameworks",
					"@loader_path/Frameworks",
				);
				PRODUCT_BUNDLE_IDENTIFIER = com.KaiYunChiang.CoordinatorTestUITests;
				PRODUCT_NAME = "$(TARGET_NAME)";
				SWIFT_VERSION = 4.0;
				TARGETED_DEVICE_FAMILY = "1,2";
				TEST_TARGET_NAME = CoordinatorTest;
			};
			name = Release;
		};
/* End XCBuildConfiguration section */

/* Begin XCConfigurationList section */
		25874216208CC492008F3AF0 /* Build configuration list for PBXProject "CoordinatorTest" */ = {
			isa = XCConfigurationList;
			buildConfigurations = (
				25874241208CC494008F3AF0 /* Debug */,
				25874242208CC494008F3AF0 /* Release */,
			);
			defaultConfigurationIsVisible = 0;
			defaultConfigurationName = Release;
		};
		25874243208CC494008F3AF0 /* Build configuration list for PBXNativeTarget "CoordinatorTest" */ = {
			isa = XCConfigurationList;
			buildConfigurations = (
				25874244208CC494008F3AF0 /* Debug */,
				25874245208CC494008F3AF0 /* Release */,
			);
			defaultConfigurationIsVisible = 0;
			defaultConfigurationName = Release;
		};
		25874246208CC494008F3AF0 /* Build configuration list for PBXNativeTarget "CoordinatorTestTests" */ = {
			isa = XCConfigurationList;
			buildConfigurations = (
				25874247208CC494008F3AF0 /* Debug */,
				25874248208CC494008F3AF0 /* Release */,
			);
			defaultConfigurationIsVisible = 0;
			defaultConfigurationName = Release;
		};
		25874249208CC494008F3AF0 /* Build configuration list for PBXNativeTarget "CoordinatorTestUITests" */ = {
			isa = XCConfigurationList;
			buildConfigurations = (
				2587424A208CC494008F3AF0 /* Debug */,
				2587424B208CC494008F3AF0 /* Release */,
			);
			defaultConfigurationIsVisible = 0;
			defaultConfigurationName = Release;
		};
/* End XCConfigurationList section */
	};
	rootObject = 25874213208CC492008F3AF0 /* Project object */;
}
